
Microsoft Visual Studio Solution File, Format Version 12.00
# Visual Studio 14
VisualStudioVersion = 14.0.25123.0
MinimumVisualStudioVersion = 10.0.40219.1
Project("{FAE04EC0-301F-11D3-BF4B-00C04F79EFBC}") = "ActivityReconition", "ActivityReconition\ActivityReconition.csproj", "{BDE5147E-575D-4671-986E-B7F8BD0A316B}"
EndProject
Global
	GlobalSection(SolutionConfigurationPlatforms) = preSolution
		Debug|Any CPU = Debug|Any CPU
		Release|Any CPU = Release|Any CPU
	EndGlobalSection
	GlobalSection(ProjectConfigurationPlatforms) = postSolution
		{BDE5147E-575D-4671-986E-B7F8BD0A316B}.Debug|Any CPU.ActiveCfg = Debug|Any CPU
		{BDE5147E-575D-4671-986E-B7F8BD0A316B}.Debug|Any CPU.Build.0 = Debug|Any CPU
		{BDE5147E-575D-4671-986E-B7F8BD0A316B}.Release|Any CPU.ActiveCfg = Release|Any CPU
		{BDE5147E-575D-4671-986E-B7F8BD0A316B}.Release|Any CPU.Build.0 = Release|Any CPU
	EndGlobalSection
	GlobalSection(SolutionProperties) = preSolution
		HideSolutionNode = FALSE
	EndGlobalSection
EndGlobal
